github.com/davecgh/go-spew v1.1.0/go.mod h1:J7Y8YcW2NihsgmVo/mv3lAwl/skON4iLHjSsI+c5H38=
github.com/davecgh/go-spew v1.1.1/go.mod h1:J7Y8YcW2NihsgmVo/mv3lAwl/skON4iLHjSsI+c5H38=
github.com/ianlancetaylor/demangle v0.0.0-20181102032728-5e5cf60278f6 h1:UDMh68UUwekSh5iP2OMhRRZJiiBccgV7axzUG8vi56c=
github.com/ianlancetaylor/demangle v0.0.0-20181102032728-5e5cf60278f6/go.mod h1:aSSvb/t6k1mPoxDqO4vJh6VOCGPwU4O0C2/Eqndh1Sc=
github.com/pgaskin/czlib v0.0.4 h1:biwyjtvo6xiXwvgYWyKz0GpmAmDJi4as3zl8Go7Pr9w=
github.com/pgaskin/czlib v0.0.4/go.mod h1:ZRHNrWwa4Jv0HU5r0u64eKRZXcBUicpI6rtaEEbduaU=
github.com/pgaskin/kobopatch v0.15.1 h1:UjuC5sTs0LLFdMGHL24V7OtxIoyw1INHoJlyUtfFBAs=
github.com/pgaskin/kobopatch v0.15.1/go.mod h1:GKP38Tq6b0oA2YaBVCZqP9qZjnbq+O9+w60VapmUrl4=
github.com/pmezard/go-difflib v1.0.0/go.mod h1:iKH77koFhYxTK1pcRnkKkqfTogsbg7gZNVY4sRDYZ/4=
github.com/riking/cssparse v0.0.0-20180325025645-c37ded0aac89 h1:hMsoSMebpfpaDW7+B7gsxNnMBNChjekeqmK8wkzAlc0=
github.com/riking/cssparse v0.0.0-20180325025645-c37ded0aac89/go.mod h1:yc5MYwuNUGggTQ8++IDAbOYq/9PXxsg73+EHYgoG/4w=
github.com/spf13/pflag v1.0.5/go.mod h1:McXfInJRrz4CZXVZOBLb0bTZqETkiAhM9Iw0y3An2Bg=
github.com/stretchr/objx v0.1.0/go.mod h1:HFkY916IF+rwdDfMAkV7OtwuqBVzrE8GR6GFx+wExME=
github.com/stretchr/testify v1.5.1/go.mod h1:5W2xD1RspED5o8YsWQXVCued0rvSQ+mT+I5cxcmMvtA=
github.com/xi2/xz v0.0.0-20171230120015-48954b6210f8 h1:nIPpBwaJSVYIxUFsDv3M8ofmx9yWTog9BfvIu0q41lo=
github.com/xi2/xz v0.0.0-20171230120015-48954b6210f8/go.mod h1:HUYIGzjTL3rfEspMxjDjgmT5uz5wzYJKVo23qUhYTos=
golang.org/x/text v0.3.2 h1:tW2bmiBqwgJj/UpqtC8EpXEZVYOwU0yG4iWbprSVAcs=
golang.org/x/text v0.3.2/go.mod h1:bEr9sfX3Q8Zfm5fL9x+3itogRgK3+ptLWKqgva+5dAk=
golang.org/x/tools v0.0.0-20180917221912-90fa682c2a6e/go.mod h1:n7NCudcB/nEzxVGmLbDWY5pfWTLqBcC2KZ6jyYvM4mQ=
gopkg.in/check.v1 v0.0.0-20161208181325-20d25e280405/go.mod h1:Co6ibVJAznAaIkqp8huTwlJQCZ016jof/cbN4VW5Yz0=
gopkg.in/yaml.v2 v2.2.2/go.mod h1:hI93XBmqTisBFMUTm0b8Fm+jr3Dg1NNxqwp+5A1VGuI=
gopkg.in/yaml.v3 v3.0.0-20190709130402-674ba3eaed22/go.mod h1:K4uyk7z7BCEPqu6E+C64Yfv1cQ7kz7rIZviUmN+EgEM=
rsc.io/arm v0.0.0-20150420010332-9c32f2193064 h1:bBbas3KhLwE6f59Z9lUipY23xUX9qrvyLBdQzzV2Tko=
rsc.io/arm v0.0.0-20150420010332-9c32f2193064/go.mod h1:MVYPdlFruujBlzEY3x2Q3XBk7XLdYRNZ7zDbrzYFO7w=
