github.com/ianlancetaylor/demangle v0.0.0-20250628045327-2d64ad6b7ec5 h1:QCtizt3VTaANvnsd8TtD/eonx7JLIVdEKW1//ZNPZ9A=
github.com/ianlancetaylor/demangle v0.0.0-20250628045327-2d64ad6b7ec5/go.mod h1:gx7rwoVhcfuVKG5uya9Hs3Sxj7EIvldVofAWIUtGouw=
github.com/pgaskin/go-libz v0.0.2 h1:uTzyOb6qXvzTdofzq9RNzhpHzHl3fT88yM6wxzjrMFY=
github.com/pgaskin/go-libz v0.0.2/go.mod h1:zKOJy/NMDudfyiyGiA7r0jAKjEyu+/7MSBHAnarLvxY=
github.com/pgaskin/kobopatch v0.16.0 h1:4WczmEVXkIRjToiMqLF94wbIJTn5r5kAv41pJayPQaQ=
github.com/pgaskin/kobopatch v0.16.0/go.mod h1:3xPtkRd97WkLtF2T3jsqTAkt1JU83xSAZ4QgEZzPanw=
github.com/riking/cssparse v0.0.0-20180325025645-c37ded0aac89 h1:hMsoSMebpfpaDW7+B7gsxNnMBNChjekeqmK8wkzAlc0=
github.com/riking/cssparse v0.0.0-20180325025645-c37ded0aac89/go.mod h1:yc5MYwuNUGggTQ8++IDAbOYq/9PXxsg73+EHYgoG/4w=
github.com/tetratelabs/wazero v1.9.0 h1:IcZ56OuxrtaEz8UYNRHBrUa9bYeX9oVY93KspZZBf/I=
github.com/tetratelabs/wazero v1.9.0/go.mod h1:TSbcXCfFP0L2FGkRPxHphadXPjo1T6W+CseNNY7EkjM=
github.com/xi2/xz v0.0.0-20171230120015-48954b6210f8 h1:nIPpBwaJSVYIxUFsDv3M8ofmx9yWTog9BfvIu0q41lo=
github.com/xi2/xz v0.0.0-20171230120015-48954b6210f8/go.mod h1:HUYIGzjTL3rfEspMxjDjgmT5uz5wzYJKVo23qUhYTos=
golang.org/x/text v0.3.2 h1:tW2bmiBqwgJj/UpqtC8EpXEZVYOwU0yG4iWbprSVAcs=
golang.org/x/text v0.3.2/go.mod h1:bEr9sfX3Q8Zfm5fL9x+3itogRgK3+ptLWKqgva+5dAk=
golang.org/x/tools v0.0.0-20180917221912-90fa682c2a6e/go.mod h1:n7NCudcB/nEzxVGmLbDWY5pfWTLqBcC2KZ6jyYvM4mQ=
rsc.io/arm v0.0.0-20150420010332-9c32f2193064 h1:bBbas3KhLwE6f59Z9lUipY23xUX9qrvyLBdQzzV2Tko=
rsc.io/arm v0.0.0-20150420010332-9c32f2193064/go.mod h1:MVYPdlFruujBlzEY3x2Q3XBk7XLdYRNZ7zDbrzYFO7w=
